github.com/emersion/go-ical v0.0.0-20240127095438-fc1c9d8fb2b6 h1:kHoSgklT8weIDl6R6xFpBJ5IioRdBU1v2X2aCZRVCcM=
github.com/emersion/go-ical v0.0.0-20240127095438-fc1c9d8fb2b6/go.mod h1:BEksegNspIkjCQfmzWgsgbu6KdeJ/4LwUZs7DMBzjzw=
github.com/emersion/go-vcard v0.0.0-20241024213814-c9703dde27ff h1:4N8wnS3f1hNHSmFD5zgFkWCyA4L1kCDkImPAtK7D6tg=
github.com/emersion/go-vcard v0.0.0-20241024213814-c9703dde27ff/go.mod h1:HMJKR5wlh/ziNp+sHEDV2ltblO4JD2+IdDOWtGcQBTM=
github.com/teambition/rrule-go v1.8.2 h1:lIjpjvWTj9fFUZCmuoVDrKVOtdiyzbzc93qTmRVe/J8=
github.com/teambition/rrule-go v1.8.2/go.mod h1:Ieq5AbrKGciP1V//Wq8ktsTXwSwJHDD5mD/wLBGl3p4=
